
Microsoft Visual Studio Solution File, Format Version 12.00
# Visual Studio Version 17
VisualStudioVersion = 17.13.35818.85 d17.13
MinimumVisualStudioVersion = 10.0.40219.1
Project("{2150E333-8FDC-42A3-9474-1A3956D46DE8}") = "CosechandoACaballo", "CosechandoACaballo", "{02EA681E-C7D8-13C7-8484-4AC65E1B71E8}"
EndProject
Project("{FAE04EC0-301F-11D3-BF4B-00C04F79EFBC}") = "CosechandoACaballo", "..\CosechandoACaballo\CosechandoACaballo.csproj", "{C18ADAA7-F7EF-412D-BA9A-17BEEF8A8D60}"
EndProject
Project("{2150E333-8FDC-42A3-9474-1A3956D46DE8}") = "PuentesDeMadison", "PuentesDeMadison", "{0C7ECBAB-E477-469A-8F23-01AA23B60CD5}"
EndProject
Project("{FAE04EC0-301F-11D3-BF4B-00C04F79EFBC}") = "PuentesDeMadison", "PuentesDeMadison\PuentesDeMadison.csproj", "{837B79B9-3834-4FFA-A171-2B7FAE6277B0}"
EndProject
Global
	GlobalSection(SolutionConfigurationPlatforms) = preSolution
		Debug|Any CPU = Debug|Any CPU
		Release|Any CPU = Release|Any CPU
	EndGlobalSection
	GlobalSection(ProjectConfigurationPlatforms) = postSolution
		{C18ADAA7-F7EF-412D-BA9A-17BEEF8A8D60}.Debug|Any CPU.ActiveCfg = Debug|Any CPU
		{C18ADAA7-F7EF-412D-BA9A-17BEEF8A8D60}.Debug|Any CPU.Build.0 = Debug|Any CPU
		{C18ADAA7-F7EF-412D-BA9A-17BEEF8A8D60}.Release|Any CPU.ActiveCfg = Release|Any CPU
		{C18ADAA7-F7EF-412D-BA9A-17BEEF8A8D60}.Release|Any CPU.Build.0 = Release|Any CPU
		{837B79B9-3834-4FFA-A171-2B7FAE6277B0}.Debug|Any CPU.ActiveCfg = Debug|Any CPU
		{837B79B9-3834-4FFA-A171-2B7FAE6277B0}.Debug|Any CPU.Build.0 = Debug|Any CPU
		{837B79B9-3834-4FFA-A171-2B7FAE6277B0}.Release|Any CPU.ActiveCfg = Release|Any CPU
		{837B79B9-3834-4FFA-A171-2B7FAE6277B0}.Release|Any CPU.Build.0 = Release|Any CPU
	EndGlobalSection
	GlobalSection(SolutionProperties) = preSolution
		HideSolutionNode = FALSE
	EndGlobalSection
	GlobalSection(NestedProjects) = preSolution
		{C18ADAA7-F7EF-412D-BA9A-17BEEF8A8D60} = {02EA681E-C7D8-13C7-8484-4AC65E1B71E8}
		{837B79B9-3834-4FFA-A171-2B7FAE6277B0} = {0C7ECBAB-E477-469A-8F23-01AA23B60CD5}
	EndGlobalSection
	GlobalSection(ExtensibilityGlobals) = postSolution
		SolutionGuid = {BDDBEEA6-7E20-4B02-8541-E9C3E03C88D2}
	EndGlobalSection
EndGlobal
